// !$*UTF8*$!
{
	archiveVersion = 1;
	classes = {
	};
	objectVersion = 51;
	objects = {

/* Begin PBXBuildFile section */
		673A0DA0238660A4003D1D2B /* RequestApi.swift in Sources */ = {isa = PBXBuildFile; fileRef = 673A0D9F238660A4003D1D2B /* RequestApi.swift */; };
		674E6223238A2C990093941B /* Extensions.swift in Sources */ = {isa = PBXBuildFile; fileRef = 674E6222238A2C990093941B /* Extensions.swift */; };
		67967DC32388FFC6004699BA /* EditUserViewController.swift in Sources */ = {isa = PBXBuildFile; fileRef = 67967DC22388FFC6004699BA /* EditUserViewController.swift */; };
		67D5463723898D5F0027C6FA /* AddUserViewController.swift in Sources */ = {isa = PBXBuildFile; fileRef = 67D5463623898D5F0027C6FA /* AddUserViewController.swift */; };
		67EA5EA52386639F006FED9C /* RequestClient.swift in Sources */ = {isa = PBXBuildFile; fileRef = 67EA5EA42386639F006FED9C /* RequestClient.swift */; };
		67EA5EAD23866668006FED9C /* Pods_ProjectTest.framework in Frameworks */ = {isa = PBXBuildFile; fileRef = EA0B5D7AC1194C42B5D267BC /* Pods_ProjectTest.framework */; };
		67F56F752384FF9800A8E096 /* AppDelegate.swift in Sources */ = {isa = PBXBuildFile; fileRef = 67F56F742384FF9800A8E096 /* AppDelegate.swift */; };
		67F56F772384FF9800A8E096 /* SceneDelegate.swift in Sources */ = {isa = PBXBuildFile; fileRef = 67F56F762384FF9800A8E096 /* SceneDelegate.swift */; };
		67F56F7C2384FF9800A8E096 /* Main.storyboard in Resources */ = {isa = PBXBuildFile; fileRef = 67F56F7A2384FF9800A8E096 /* Main.storyboard */; };
		67F56F7E2384FF9C00A8E096 /* Assets.xcassets in Resources */ = {isa = PBXBuildFile; fileRef = 67F56F7D2384FF9C00A8E096 /* Assets.xcassets */; };
		67F56F812384FF9C00A8E096 /* LaunchScreen.storyboard in Resources */ = {isa = PBXBuildFile; fileRef = 67F56F7F2384FF9C00A8E096 /* LaunchScreen.storyboard */; };
		67F56F892385000000A8E096 /* MainViewController.swift in Sources */ = {isa = PBXBuildFile; fileRef = 67F56F882385000000A8E096 /* MainViewController.swift */; };
		67F56F8C2385004600A8E096 /* Utils.swift in Sources */ = {isa = PBXBuildFile; fileRef = 67F56F8B2385004600A8E096 /* Utils.swift */; };
		67F56F8F2385034900A8E096 /* User.swift in Sources */ = {isa = PBXBuildFile; fileRef = 67F56F8E2385034900A8E096 /* User.swift */; };
		67F56F942385041300A8E096 /* MainUserTableViewCell.swift in Sources */ = {isa = PBXBuildFile; fileRef = 67F56F932385041300A8E096 /* MainUserTableViewCell.swift */; };
/* End PBXBuildFile section */

/* Begin PBXFileReference section */
		673A0D9A2386599E003D1D2B /* Alamofire.framework */ = {isa = PBXFileReference; explicitFileType = wrapper.framework; path = Alamofire.framework; sourceTree = BUILT_PRODUCTS_DIR; };
		673A0D9F238660A4003D1D2B /* RequestApi.swift */ = {isa = PBXFileReference; lastKnownFileType = sourcecode.swift; path = RequestApi.swift; sourceTree = "<group>"; };
		674E6222238A2C990093941B /* Extensions.swift */ = {isa = PBXFileReference; lastKnownFileType = sourcecode.swift; path = Extensions.swift; sourceTree = "<group>"; };
		67967DC22388FFC6004699BA /* EditUserViewController.swift */ = {isa = PBXFileReference; lastKnownFileType = sourcecode.swift; path = EditUserViewController.swift; sourceTree = "<group>"; };
		67D5463623898D5F0027C6FA /* AddUserViewController.swift */ = {isa = PBXFileReference; lastKnownFileType = sourcecode.swift; path = AddUserViewController.swift; sourceTree = "<group>"; };
		67EA5EA42386639F006FED9C /* RequestClient.swift */ = {isa = PBXFileReference; lastKnownFileType = sourcecode.swift; path = RequestClient.swift; sourceTree = "<group>"; };
		67EA5EA923866653006FED9C /* Alamofire.framework */ = {isa = PBXFileReference; explicitFileType = wrapper.framework; path = Alamofire.framework; sourceTree = BUILT_PRODUCTS_DIR; };
		67F56F712384FF9800A8E096 /* ProjectTest.app */ = {isa = PBXFileReference; explicitFileType = wrapper.application; includeInIndex = 0; path = ProjectTest.app; sourceTree = BUILT_PRODUCTS_DIR; };
		67F56F742384FF9800A8E096 /* AppDelegate.swift */ = {isa = PBXFileReference; lastKnownFileType = sourcecode.swift; path = AppDelegate.swift; sourceTree = "<group>"; };
		67F56F762384FF9800A8E096 /* SceneDelegate.swift */ = {isa = PBXFileReference; lastKnownFileType = sourcecode.swift; path = SceneDelegate.swift; sourceTree = "<group>"; };
		67F56F7B2384FF9800A8E096 /* Base */ = {isa = PBXFileReference; lastKnownFileType = file.storyboard; name = Base; path = Base.lproj/Main.storyboard; sourceTree = "<group>"; };
		67F56F7D2384FF9C00A8E096 /* Assets.xcassets */ = {isa = PBXFileReference; lastKnownFileType = folder.assetcatalog; path = Assets.xcassets; sourceTree = "<group>"; };
		67F56F802384FF9C00A8E096 /* Base */ = {isa = PBXFileReference; lastKnownFileType = file.storyboard; name = Base; path = Base.lproj/LaunchScreen.storyboard; sourceTree = "<group>"; };
		67F56F822384FF9C00A8E096 /* Info.plist */ = {isa = PBXFileReference; lastKnownFileType = text.plist.xml; path = Info.plist; sourceTree = "<group>"; };
		67F56F882385000000A8E096 /* MainViewController.swift */ = {isa = PBXFileReference; lastKnownFileType = sourcecode.swift; path = MainViewController.swift; sourceTree = "<group>"; };
		67F56F8B2385004600A8E096 /* Utils.swift */ = {isa = PBXFileReference; lastKnownFileType = sourcecode.swift; path = Utils.swift; sourceTree = "<group>"; };
		67F56F8E2385034900A8E096 /* User.swift */ = {isa = PBXFileReference; lastKnownFileType = sourcecode.swift; path = User.swift; sourceTree = "<group>"; };
		67F56F932385041300A8E096 /* MainUserTableViewCell.swift */ = {isa = PBXFileReference; lastKnownFileType = sourcecode.swift; path = MainUserTableViewCell.swift; sourceTree = "<group>"; };
		6F082F1CAEF40DDE6221C176 /* Pods-ProjectTest.debug.xcconfig */ = {isa = PBXFileReference; includeInIndex = 1; lastKnownFileType = text.xcconfig; name = "Pods-ProjectTest.debug.xcconfig"; path = "Target Support Files/Pods-ProjectTest/Pods-ProjectTest.debug.xcconfig"; sourceTree = "<group>"; };
		BE0E9B4BDBA98192A476290A /* Pods-ProjectTest.release.xcconfig */ = {isa = PBXFileReference; includeInIndex = 1; lastKnownFileType = text.xcconfig; name = "Pods-ProjectTest.release.xcconfig"; path = "Target Support Files/Pods-ProjectTest/Pods-ProjectTest.release.xcconfig"; sourceTree = "<group>"; };
		EA0B5D7AC1194C42B5D267BC /* Pods_ProjectTest.framework */ = {isa = PBXFileReference; explicitFileType = wrapper.framework; includeInIndex = 0; path = Pods_ProjectTest.framework; sourceTree = BUILT_PRODUCTS_DIR; };
/* End PBXFileReference section */

/* Begin PBXFrameworksBuildPhase section */
		67F56F6E2384FF9800A8E096 /* Frameworks */ = {
			isa = PBXFrameworksBuildPhase;
			buildActionMask = 2147483647;
			files = (
				67EA5EAD23866668006FED9C /* Pods_ProjectTest.framework in Frameworks */,
			);
			runOnlyForDeploymentPostprocessing = 0;
		};
/* End PBXFrameworksBuildPhase section */

/* Begin PBXGroup section */
		673A0D9E23866093003D1D2B /* api */ = {
			isa = PBXGroup;
			children = (
				673A0D9F238660A4003D1D2B /* RequestApi.swift */,
				67EA5EA42386639F006FED9C /* RequestClient.swift */,
			);
			path = api;
			sourceTree = "<group>";
		};
		67F56F682384FF9800A8E096 = {
			isa = PBXGroup;
			children = (
				67F56F732384FF9800A8E096 /* ProjectTest */,
				67F56F722384FF9800A8E096 /* Products */,
				9F258B00EC1E3E1948FE6E6B /* Pods */,
				F121E8CE373CC72CE1954257 /* Frameworks */,
			);
			sourceTree = "<group>";
		};
		67F56F722384FF9800A8E096 /* Products */ = {
			isa = PBXGroup;
			children = (
				67F56F712384FF9800A8E096 /* ProjectTest.app */,
			);
			name = Products;
			sourceTree = "<group>";
		};
		67F56F732384FF9800A8E096 /* ProjectTest */ = {
			isa = PBXGroup;
			children = (
				673A0D9E23866093003D1D2B /* api */,
				67F56F902385039700A8E096 /* cells */,
				67F56F8D2385033800A8E096 /* models */,
				67F56F8A2385003A00A8E096 /* utils */,
				67F56F742384FF9800A8E096 /* AppDelegate.swift */,
				67F56F762384FF9800A8E096 /* SceneDelegate.swift */,
				67967DC22388FFC6004699BA /* EditUserViewController.swift */,
				67D5463623898D5F0027C6FA /* AddUserViewController.swift */,
				67F56F882385000000A8E096 /* MainViewController.swift */,
				67F56F7A2384FF9800A8E096 /* Main.storyboard */,
				67F56F7D2384FF9C00A8E096 /* Assets.xcassets */,
				67F56F7F2384FF9C00A8E096 /* LaunchScreen.storyboard */,
				67F56F822384FF9C00A8E096 /* Info.plist */,
			);
			path = ProjectTest;
			sourceTree = "<group>";
		};
		67F56F8A2385003A00A8E096 /* utils */ = {
			isa = PBXGroup;
			children = (
				67F56F8B2385004600A8E096 /* Utils.swift */,
				674E6222238A2C990093941B /* Extensions.swift */,
			);
			path = utils;
			sourceTree = "<group>";
		};
		67F56F8D2385033800A8E096 /* models */ = {
			isa = PBXGroup;
			children = (
				67F56F8E2385034900A8E096 /* User.swift */,
			);
			path = models;
			sourceTree = "<group>";
		};
		67F56F902385039700A8E096 /* cells */ = {
			isa = PBXGroup;
			children = (
				67F56F932385041300A8E096 /* MainUserTableViewCell.swift */,
			);
			path = cells;
			sourceTree = "<group>";
		};
		9F258B00EC1E3E1948FE6E6B /* Pods */ = {
			isa = PBXGroup;
			children = (
				6F082F1CAEF40DDE6221C176 /* Pods-ProjectTest.debug.xcconfig */,
				BE0E9B4BDBA98192A476290A /* Pods-ProjectTest.release.xcconfig */,
			);
			path = Pods;
			sourceTree = "<group>";
		};
		F121E8CE373CC72CE1954257 /* Frameworks */ = {
			isa = PBXGroup;
			children = (
				67EA5EA923866653006FED9C /* Alamofire.framework */,
				673A0D9A2386599E003D1D2B /* Alamofire.framework */,
				EA0B5D7AC1194C42B5D267BC /* Pods_ProjectTest.framework */,
			);
			name = Frameworks;
			sourceTree = "<group>";
		};
/* End PBXGroup section */

/* Begin PBXNativeTarget section */
		67F56F702384FF9800A8E096 /* ProjectTest */ = {
			isa = PBXNativeTarget;
			buildConfigurationList = 67F56F852384FF9C00A8E096 /* Build configuration list for PBXNativeTarget "ProjectTest" */;
			buildPhases = (
				AD3DA4CB40613277D5C07EA7 /* [CP] Check Pods Manifest.lock */,
				67F56F6D2384FF9800A8E096 /* Sources */,
				67F56F6E2384FF9800A8E096 /* Frameworks */,
				67F56F6F2384FF9800A8E096 /* Resources */,
				F61D5727BBBC3D630A828C9A /* [CP] Embed Pods Frameworks */,
			);
			buildRules = (
			);
			dependencies = (
			);
			name = ProjectTest;
			productName = ProjectTest;
			productReference = 67F56F712384FF9800A8E096 /* ProjectTest.app */;
			productType = "com.apple.product-type.application";
		};
/* End PBXNativeTarget section */

/* Begin PBXProject section */
		67F56F692384FF9800A8E096 /* Project object */ = {
			isa = PBXProject;
			attributes = {
				LastSwiftUpdateCheck = 1110;
				LastUpgradeCheck = 1110;
				ORGANIZATIONNAME = "Ikromjon Mamatov";
				TargetAttributes = {
					67F56F702384FF9800A8E096 = {
						CreatedOnToolsVersion = 11.1;
					};
				};
			};
			buildConfigurationList = 67F56F6C2384FF9800A8E096 /* Build configuration list for PBXProject "ProjectTest" */;
			compatibilityVersion = "Xcode 9.3";
			developmentRegion = en;
			hasScannedForEncodings = 0;
			knownRegions = (
				en,
				Base,
			);
			mainGroup = 67F56F682384FF9800A8E096;
			productRefGroup = 67F56F722384FF9800A8E096 /* Products */;
			projectDirPath = "";
			projectRoot = "";
			targets = (
				67F56F702384FF9800A8E096 /* ProjectTest */,
			);
		};
/* End PBXProject section */

/* Begin PBXResourcesBuildPhase section */
		67F56F6F2384FF9800A8E096 /* Resources */ = {
			isa = PBXResourcesBuildPhase;
			buildActionMask = 2147483647;
			files = (
				67F56F812384FF9C00A8E096 /* LaunchScreen.storyboard in Resources */,
				67F56F7E2384FF9C00A8E096 /* Assets.xcassets in Resources */,
				67F56F7C2384FF9800A8E096 /* Main.storyboard in Resources */,
			);
			runOnlyForDeploymentPostprocessing = 0;
		};
/* End PBXResourcesBuildPhase section */

/* Begin PBXShellScriptBuildPhase section */
		AD3DA4CB40613277D5C07EA7 /* [CP] Check Pods Manifest.lock */ = {
			isa = PBXShellScriptBuildPhase;
			buildActionMask = 2147483647;
			files = (
			);
			inputFileListPaths = (
			);
			inputPaths = (
				"${PODS_PODFILE_DIR_PATH}/Podfile.lock",
				"${PODS_ROOT}/Manifest.lock",
			);
			name = "[CP] Check Pods Manifest.lock";
			outputFileListPaths = (
			);
			outputPaths = (
				"$(DERIVED_FILE_DIR)/Pods-ProjectTest-checkManifestLockResult.txt",
			);
			runOnlyForDeploymentPostprocessing = 0;
			shellPath = /bin/sh;
			shellScript = "diff \"${PODS_PODFILE_DIR_PATH}/Podfile.lock\" \"${PODS_ROOT}/Manifest.lock\" > /dev/null\nif [ $? != 0 ] ; then\n    # print error to STDERR\n    echo \"error: The sandbox is not in sync with the Podfile.lock. Run 'pod install' or update your CocoaPods installation.\" >&2\n    exit 1\nfi\n# This output is used by Xcode 'outputs' to avoid re-running this script phase.\necho \"SUCCESS\" > \"${SCRIPT_OUTPUT_FILE_0}\"\n";
			showEnvVarsInLog = 0;
		};
		F61D5727BBBC3D630A828C9A /* [CP] Embed Pods Frameworks */ = {
			isa = PBXShellScriptBuildPhase;
			buildActionMask = 2147483647;
			files = (
			);
			inputFileListPaths = (
				"${PODS_ROOT}/Target Support Files/Pods-ProjectTest/Pods-ProjectTest-frameworks-${CONFIGURATION}-input-files.xcfilelist",
			);
			name = "[CP] Embed Pods Frameworks";
			outputFileListPaths = (
				"${PODS_ROOT}/Target Support Files/Pods-ProjectTest/Pods-ProjectTest-frameworks-${CONFIGURATION}-output-files.xcfilelist",
			);
			runOnlyForDeploymentPostprocessing = 0;
			shellPath = /bin/sh;
			shellScript = "\"${PODS_ROOT}/Target Support Files/Pods-ProjectTest/Pods-ProjectTest-frameworks.sh\"\n";
			showEnvVarsInLog = 0;
		};
/* End PBXShellScriptBuildPhase section */

/* Begin PBXSourcesBuildPhase section */
		67F56F6D2384FF9800A8E096 /* Sources */ = {
			isa = PBXSourcesBuildPhase;
			buildActionMask = 2147483647;
			files = (
				673A0DA0238660A4003D1D2B /* RequestApi.swift in Sources */,
				67F56F892385000000A8E096 /* MainViewController.swift in Sources */,
				67F56F752384FF9800A8E096 /* AppDelegate.swift in Sources */,
				67967DC32388FFC6004699BA /* EditUserViewController.swift in Sources */,
				67F56F772384FF9800A8E096 /* SceneDelegate.swift in Sources */,
				67D5463723898D5F0027C6FA /* AddUserViewController.swift in Sources */,
				67F56F8F2385034900A8E096 /* User.swift in Sources */,
				67F56F8C2385004600A8E096 /* Utils.swift in Sources */,
				67EA5EA52386639F006FED9C /* RequestClient.swift in Sources */,
				674E6223238A2C990093941B /* Extensions.swift in Sources */,
				67F56F942385041300A8E096 /* MainUserTableViewCell.swift in Sources */,
			);
			runOnlyForDeploymentPostprocessing = 0;
		};
/* End PBXSourcesBuildPhase section */

/* Begin PBXVariantGroup section */
		67F56F7A2384FF9800A8E096 /* Main.storyboard */ = {
			isa = PBXVariantGroup;
			children = (
				67F56F7B2384FF9800A8E096 /* Base */,
			);
			name = Main.storyboard;
			sourceTree = "<group>";
		};
		67F56F7F2384FF9C00A8E096 /* LaunchScreen.storyboard */ = {
			isa = PBXVariantGroup;
			children = (
				67F56F802384FF9C00A8E096 /* Base */,
			);
			name = LaunchScreen.storyboard;
			sourceTree = "<group>";
		};
/* End PBXVariantGroup section */

/* Begin XCBuildConfiguration section */
		67F56F832384FF9C00A8E096 /* Debug */ = {
			isa = XCBuildConfiguration;
			buildSettings = {
				ALWAYS_SEARCH_USER_PATHS = NO;
				CLANG_ANALYZER_NONNULL = YES;
				CLANG_ANALYZER_NUMBER_OBJECT_CONVERSION = YES_AGGRESSIVE;
				CLANG_CXX_LANGUAGE_STANDARD = "gnu++14";
				CLANG_CXX_LIBRARY = "libc++";
				CLANG_ENABLE_MODULES = YES;
				CLANG_ENABLE_OBJC_ARC = YES;
				CLANG_ENABLE_OBJC_WEAK = YES;
				CLANG_WARN_BLOCK_CAPTURE_AUTORELEASING = YES;
				CLANG_WARN_BOOL_CONVERSION = YES;
				CLANG_WARN_COMMA = YES;
				CLANG_WARN_CONSTANT_CONVERSION = YES;
				CLANG_WARN_DEPRECATED_OBJC_IMPLEMENTATIONS = YES;
				CLANG_WARN_DIRECT_OBJC_ISA_USAGE = YES_ERROR;
				CLANG_WARN_DOCUMENTATION_COMMENTS = YES;
				CLANG_WARN_EMPTY_BODY = YES;
				CLANG_WARN_ENUM_CONVERSION = YES;
				CLANG_WARN_INFINITE_RECURSION = YES;
				CLANG_WARN_INT_CONVERSION = YES;
				CLANG_WARN_NON_LITERAL_NULL_CONVERSION = YES;
				CLANG_WARN_OBJC_IMPLICIT_RETAIN_SELF = YES;
				CLANG_WARN_OBJC_LITERAL_CONVERSION = YES;
				CLANG_WARN_OBJC_ROOT_CLASS = YES_ERROR;
				CLANG_WARN_RANGE_LOOP_ANALYSIS = YES;
				CLANG_WARN_STRICT_PROTOTYPES = YES;
				CLANG_WARN_SUSPICIOUS_MOVE = YES;
				CLANG_WARN_UNGUARDED_AVAILABILITY = YES_AGGRESSIVE;
				CLANG_WARN_UNREACHABLE_CODE = YES;
				CLANG_WARN__DUPLICATE_METHOD_MATCH = YES;
				COPY_PHASE_STRIP = NO;
				DEBUG_INFORMATION_FORMAT = dwarf;
				ENABLE_STRICT_OBJC_MSGSEND = YES;
				ENABLE_TESTABILITY = YES;
				GCC_C_LANGUAGE_STANDARD = gnu11;
				GCC_DYNAMIC_NO_PIC = NO;
				GCC_NO_COMMON_BLOCKS = YES;
				GCC_OPTIMIZATION_LEVEL = 0;
				GCC_PREPROCESSOR_DEFINITIONS = (
					"DEBUG=1",
					"$(inherited)",
				);
				GCC_WARN_64_TO_32_BIT_CONVERSION = YES;
				GCC_WARN_ABOUT_RETURN_TYPE = YES_ERROR;
				GCC_WARN_UNDECLARED_SELECTOR = YES;
				GCC_WARN_UNINITIALIZED_AUTOS = YES_AGGRESSIVE;
				GCC_WARN_UNUSED_FUNCTION = YES;
				GCC_WARN_UNUSED_VARIABLE = YES;
				IPHONEOS_DEPLOYMENT_TARGET = 13.1;
				MTL_ENABLE_DEBUG_INFO = INCLUDE_SOURCE;
				MTL_FAST_MATH = YES;
				ONLY_ACTIVE_ARCH = YES;
				SDKROOT = iphoneos;
				SWIFT_ACTIVE_COMPILATION_CONDITIONS = DEBUG;
				SWIFT_OPTIMIZATION_LEVEL = "-Onone";
			};
			name = Debug;
		};
		67F56F842384FF9C00A8E096 /* Release */ = {
			isa = XCBuildConfiguration;
			buildSettings = {
				ALWAYS_SEARCH_USER_PATHS = NO;
				CLANG_ANALYZER_NONNULL = YES;
				CLANG_ANALYZER_NUMBER_OBJECT_CONVERSION = YES_AGGRESSIVE;
				CLANG_CXX_LANGUAGE_STANDARD = "gnu++14";
				CLANG_CXX_LIBRARY = "libc++";
				CLANG_ENABLE_MODULES = YES;
				CLANG_ENABLE_OBJC_ARC = YES;
				CLANG_ENABLE_OBJC_WEAK = YES;
				CLANG_WARN_BLOCK_CAPTURE_AUTORELEASING = YES;
				CLANG_WARN_BOOL_CONVERSION = YES;
				CLANG_WARN_COMMA = YES;
				CLANG_WARN_CONSTANT_CONVERSION = YES;
				CLANG_WARN_DEPRECATED_OBJC_IMPLEMENTATIONS = YES;
				CLANG_WARN_DIRECT_OBJC_ISA_USAGE = YES_ERROR;
				CLANG_WARN_DOCUMENTATION_COMMENTS = YES;
				CLANG_WARN_EMPTY_BODY = YES;
				CLANG_WARN_ENUM_CONVERSION = YES;
				CLANG_WARN_INFINITE_RECURSION = YES;
				CLANG_WARN_INT_CONVERSION = YES;
				CLANG_WARN_NON_LITERAL_NULL_CONVERSION = YES;
				CLANG_WARN_OBJC_IMPLICIT_RETAIN_SELF = YES;
				CLANG_WARN_OBJC_LITERAL_CONVERSION = YES;
				CLANG_WARN_OBJC_ROOT_CLASS = YES_ERROR;
				CLANG_WARN_RANGE_LOOP_ANALYSIS = YES;
				CLANG_WARN_STRICT_PROTOTYPES = YES;
				CLANG_WARN_SUSPICIOUS_MOVE = YES;
				CLANG_WARN_UNGUARDED_AVAILABILITY = YES_AGGRESSIVE;
				CLANG_WARN_UNREACHABLE_CODE = YES;
				CLANG_WARN__DUPLICATE_METHOD_MATCH = YES;
				COPY_PHASE_STRIP = NO;
				DEBUG_INFORMATION_FORMAT = "dwarf-with-dsym";
				ENABLE_NS_ASSERTIONS = NO;
				ENABLE_STRICT_OBJC_MSGSEND = YES;
				GCC_C_LANGUAGE_STANDARD = gnu11;
				GCC_NO_COMMON_BLOCKS = YES;
				GCC_WARN_64_TO_32_BIT_CONVERSION = YES;
				GCC_WARN_ABOUT_RETURN_TYPE = YES_ERROR;
				GCC_WARN_UNDECLARED_SELECTOR = YES;
				GCC_WARN_UNINITIALIZED_AUTOS = YES_AGGRESSIVE;
				GCC_WARN_UNUSED_FUNCTION = YES;
				GCC_WARN_UNUSED_VARIABLE = YES;
				IPHONEOS_DEPLOYMENT_TARGET = 13.1;
				MTL_ENABLE_DEBUG_INFO = NO;
				MTL_FAST_MATH = YES;
				SDKROOT = iphoneos;
				SWIFT_COMPILATION_MODE = wholemodule;
				SWIFT_OPTIMIZATION_LEVEL = "-O";
				VALIDATE_PRODUCT = YES;
			};
			name = Release;
		};
		67F56F862384FF9C00A8E096 /* Debug */ = {
			isa = XCBuildConfiguration;
			baseConfigurationReference = 6F082F1CAEF40DDE6221C176 /* Pods-ProjectTest.debug.xcconfig */;
			buildSettings = {
				ASSETCATALOG_COMPILER_APPICON_NAME = AppIcon;
				CODE_SIGN_STYLE = Automatic;
				INFOPLIST_FILE = ProjectTest/Info.plist;
				IPHONEOS_DEPLOYMENT_TARGET = 13.1;
				LD_RUNPATH_SEARCH_PATHS = (
					"$(inherited)",
					"@executable_path/Frameworks",
				);
				PRODUCT_BUNDLE_IDENTIFIER = ikromjonmamatov.ProjectTest;
				PRODUCT_NAME = "$(TARGET_NAME)";
				SWIFT_VERSION = 5.0;
				TARGETED_DEVICE_FAMILY = "1,2";
			};
			name = Debug;
		};
		67F56F872384FF9C00A8E096 /* Release */ = {
			isa = XCBuildConfiguration;
			baseConfigurationReference = BE0E9B4BDBA98192A476290A /* Pods-ProjectTest.release.xcconfig */;
			buildSettings = {
				ASSETCATALOG_COMPILER_APPICON_NAME = AppIcon;
				CODE_SIGN_STYLE = Automatic;
				INFOPLIST_FILE = ProjectTest/Info.plist;
				IPHONEOS_DEPLOYMENT_TARGET = 13.1;
				LD_RUNPATH_SEARCH_PATHS = (
					"$(inherited)",
					"@executable_path/Frameworks",
				);
				PRODUCT_BUNDLE_IDENTIFIER = ikromjonmamatov.ProjectTest;
				PRODUCT_NAME = "$(TARGET_NAME)";
				SWIFT_VERSION = 5.0;
				TARGETED_DEVICE_FAMILY = "1,2";
			};
			name = Release;
		};
/* End XCBuildConfiguration section */

/* Begin XCConfigurationList section */
		67F56F6C2384FF9800A8E096 /* Build configuration list for PBXProject "ProjectTest" */ = {
			isa = XCConfigurationList;
			buildConfigurations = (
				67F56F832384FF9C00A8E096 /* Debug */,
				67F56F842384FF9C00A8E096 /* Release */,
			);
			defaultConfigurationIsVisible = 0;
			defaultConfigurationName = Release;
		};
		67F56F852384FF9C00A8E096 /* Build configuration list for PBXNativeTarget "ProjectTest" */ = {
			isa = XCConfigurationList;
			buildConfigurations = (
				67F56F862384FF9C00A8E096 /* Debug */,
				67F56F872384FF9C00A8E096 /* Release */,
			);
			defaultConfigurationIsVisible = 0;
			defaultConfigurationName = Release;
		};
/* End XCConfigurationList section */
	};
	rootObject = 67F56F692384FF9800A8E096 /* Project object */;
}
